
Microsoft Visual Studio Solution File, Format Version 12.00
# Visual Studio Version 16
VisualStudioVersion = 16.0.30804.86
MinimumVisualStudioVersion = 10.0.40219.1
Project("{2150E333-8FDC-42A3-9474-1A3956D46DE8}") = "Solution Items", "Solution Items", "{44681F26-6423-4DF2-B60B-E4A35736735B}"
	ProjectSection(SolutionItems) = preProject
		.clang-format = .clang-format
		.gitignore = .gitignore
		conanfile.txt = conanfile.txt
		README.md = README.md
		setup.bat = setup.bat
		Conan\vs_debug_x86 = Conan\vs_debug_x86
		Conan\vs_debug_x86_64 = Conan\vs_debug_x86_64
		Conan\vs_release_x86 = Conan\vs_release_x86
		Conan\vs_release_x86_64 = Conan\vs_release_x86_64
	EndProjectSection
EndProject
Project("{8BC9CEB8-8B4A-11D0-8D11-00A0C91BC942}") = "Ch0_test", "Ch0_test\Ch0_test.vcxproj", "{D28DB477-9DA9-46F2-A4A3-AA3015B44E3B}"
EndProject
Project("{8BC9CEB8-8B4A-11D0-8D11-00A0C91BC942}") = "Ch1_return_array_from_func", "Ch1_return_array_from_func\Ch1_return_array_from_func.vcxproj", "{C0E0107B-FB3F-48A4-98A9-EB65A7A0F593}"
EndProject
Project("{8BC9CEB8-8B4A-11D0-8D11-00A0C91BC942}") = "Ch2_management_pointers_to_classes_that_don't_leave_scope", "Ch2_management_pointers_to_classes_that_don't_leave_scope\Ch2_management_pointers_to_classes_that_don't_leave_scope.vcxproj", "{1E8EB4C1-BAEE-411E-974E-010DBF6DC502}"
EndProject
Project("{8BC9CEB8-8B4A-11D0-8D11-00A0C91BC942}") = "Ch2_init_a_base_class_by_a_member_of_derived", "Ch2_init_a_base_class_by_a_member_of_derived\Ch2_init_a_base_class_by_a_member_of_derived.vcxproj", "{648749B5-27C7-4576-B6AD-7B6248C7454F}"
EndProject
Project("{8BC9CEB8-8B4A-11D0-8D11-00A0C91BC942}") = "Ch3_lexical_cast_example", "Ch3_lexical_cast_example\Ch3_lexical_cast_example.vcxproj", "{F49CE0E3-8A39-4D67-A808-CF13125F39E2}"
EndProject
Project("{8BC9CEB8-8B4A-11D0-8D11-00A0C91BC942}") = "Ch3_cast_user_types_tofrom_strs", "Ch3_cast_user_types_tofrom_strs\Ch3_cast_user_types_tofrom_strs.vcxproj", "{66121FBD-A5E2-466E-B466-B15E75A460C5}"
EndProject
Project("{8BC9CEB8-8B4A-11D0-8D11-00A0C91BC942}") = "Ch3_cast_smart_pointers", "Ch3_cast_smart_pointers\Ch3_cast_smart_pointers.vcxproj", "{9D874FCB-36B3-4ABD-B90C-CE30B7C882C8}"
EndProject
Project("{2150E333-8FDC-42A3-9474-1A3956D46DE8}") = "Features", "Features", "{8BC59C4E-655D-4462-AF88-F74E25A08BAD}"
EndProject
Project("{8BC9CEB8-8B4A-11D0-8D11-00A0C91BC942}") = "Ex_operaror_spaceship", "Features\Ex_operaror_spaceship\Ex_operaror_spaceship.vcxproj", "{3DF8FDEE-865D-4337-8026-5D7AB76321C2}"
EndProject
Project("{8BC9CEB8-8B4A-11D0-8D11-00A0C91BC942}") = "Ch4_checking_size_at_compile_time", "Ch4_checking_size_at_compile_time\Ch4_checking_size_at_compile_time.vcxproj", "{8D1F32C7-6FDE-4C11-B3F0-09B25E5A8920}"
EndProject
Project("{8BC9CEB8-8B4A-11D0-8D11-00A0C91BC942}") = "Ch1_storing_one_or_more_types _in_a_container_or_var", "Ch1_storing_one_or_more_types _in_a_container_or_var\Ch1_storing_one_or_more_types _in_a_container_or_var.vcxproj", "{34BAAFCA-73FF-4F67-A421-B511893E1174}"
EndProject
Project("{8BC9CEB8-8B4A-11D0-8D11-00A0C91BC942}") = "Ch4_choosing_optional_operator_for_parameter", "Ch4_choosing_optional_operator_for_parameter\Ch4_choosing_optional_operator_for_parameter.vcxproj", "{C2839356-8BD2-4758-B2BC-F176ADE1CA9E}"
EndProject
Project("{8BC9CEB8-8B4A-11D0-8D11-00A0C91BC942}") = "Ch6_sending_data_as_task_by_network", "Ch6_sending_data_as_task_by_network\Ch6_sending_data_as_task_by_network.vcxproj", "{3834BC7E-16C3-4FD5-95D3-83C175C480CB}"
EndProject
Project("{8BC9CEB8-8B4A-11D0-8D11-00A0C91BC942}") = "Alexandrescu_hello_world", "Features\Alexandrescu_hello_world\Alexandrescu_hello_world.vcxproj", "{942150F1-A5AE-4611-A080-105AB47714D2}"
EndProject
Project("{8BC9CEB8-8B4A-11D0-8D11-00A0C91BC942}") = "Boost_compression_example", "Features\Boost_compression_example\Boost_compression_example.vcxproj", "{B246D0DC-9C91-43F7-BFE4-BD7AC66099D5}"
EndProject
Project("{8BC9CEB8-8B4A-11D0-8D11-00A0C91BC942}") = "Lz4_compression_example", "Features\Lz4_compression_example\Lz4_compression_example.vcxproj", "{5ECD72A4-99B8-43BB-A6D2-7AC6BA909529}"
EndProject
Project("{8BC9CEB8-8B4A-11D0-8D11-00A0C91BC942}") = "State_machine_on_templates_and_coroutines", "Features\State_machine_on_templates_and_coroutines\State_machine_on_templates_and_coroutines.vcxproj", "{93FD95DB-A45F-4949-AA5F-40317F9A4B90}"
EndProject
Global
	GlobalSection(SolutionConfigurationPlatforms) = preSolution
		Debug|x64 = Debug|x64
		Debug|x86 = Debug|x86
		Release|x64 = Release|x64
		Release|x86 = Release|x86
	EndGlobalSection
	GlobalSection(ProjectConfigurationPlatforms) = postSolution
		{D28DB477-9DA9-46F2-A4A3-AA3015B44E3B}.Debug|x64.ActiveCfg = Debug|x64
		{D28DB477-9DA9-46F2-A4A3-AA3015B44E3B}.Debug|x64.Build.0 = Debug|x64
		{D28DB477-9DA9-46F2-A4A3-AA3015B44E3B}.Debug|x86.ActiveCfg = Debug|Win32
		{D28DB477-9DA9-46F2-A4A3-AA3015B44E3B}.Debug|x86.Build.0 = Debug|Win32
		{D28DB477-9DA9-46F2-A4A3-AA3015B44E3B}.Release|x64.ActiveCfg = Release|x64
		{D28DB477-9DA9-46F2-A4A3-AA3015B44E3B}.Release|x64.Build.0 = Release|x64
		{D28DB477-9DA9-46F2-A4A3-AA3015B44E3B}.Release|x86.ActiveCfg = Release|Win32
		{D28DB477-9DA9-46F2-A4A3-AA3015B44E3B}.Release|x86.Build.0 = Release|Win32
		{C0E0107B-FB3F-48A4-98A9-EB65A7A0F593}.Debug|x64.ActiveCfg = Debug|x64
		{C0E0107B-FB3F-48A4-98A9-EB65A7A0F593}.Debug|x64.Build.0 = Debug|x64
		{C0E0107B-FB3F-48A4-98A9-EB65A7A0F593}.Debug|x86.ActiveCfg = Debug|Win32
		{C0E0107B-FB3F-48A4-98A9-EB65A7A0F593}.Debug|x86.Build.0 = Debug|Win32
		{C0E0107B-FB3F-48A4-98A9-EB65A7A0F593}.Release|x64.ActiveCfg = Release|x64
		{C0E0107B-FB3F-48A4-98A9-EB65A7A0F593}.Release|x64.Build.0 = Release|x64
		{C0E0107B-FB3F-48A4-98A9-EB65A7A0F593}.Release|x86.ActiveCfg = Release|Win32
		{C0E0107B-FB3F-48A4-98A9-EB65A7A0F593}.Release|x86.Build.0 = Release|Win32
		{1E8EB4C1-BAEE-411E-974E-010DBF6DC502}.Debug|x64.ActiveCfg = Debug|x64
		{1E8EB4C1-BAEE-411E-974E-010DBF6DC502}.Debug|x64.Build.0 = Debug|x64
		{1E8EB4C1-BAEE-411E-974E-010DBF6DC502}.Debug|x86.ActiveCfg = Debug|Win32
		{1E8EB4C1-BAEE-411E-974E-010DBF6DC502}.Debug|x86.Build.0 = Debug|Win32
		{1E8EB4C1-BAEE-411E-974E-010DBF6DC502}.Release|x64.ActiveCfg = Release|x64
		{1E8EB4C1-BAEE-411E-974E-010DBF6DC502}.Release|x64.Build.0 = Release|x64
		{1E8EB4C1-BAEE-411E-974E-010DBF6DC502}.Release|x86.ActiveCfg = Release|Win32
		{1E8EB4C1-BAEE-411E-974E-010DBF6DC502}.Release|x86.Build.0 = Release|Win32
		{648749B5-27C7-4576-B6AD-7B6248C7454F}.Debug|x64.ActiveCfg = Debug|x64
		{648749B5-27C7-4576-B6AD-7B6248C7454F}.Debug|x64.Build.0 = Debug|x64
		{648749B5-27C7-4576-B6AD-7B6248C7454F}.Debug|x86.ActiveCfg = Debug|Win32
		{648749B5-27C7-4576-B6AD-7B6248C7454F}.Debug|x86.Build.0 = Debug|Win32
		{648749B5-27C7-4576-B6AD-7B6248C7454F}.Release|x64.ActiveCfg = Release|x64
		{648749B5-27C7-4576-B6AD-7B6248C7454F}.Release|x64.Build.0 = Release|x64
		{648749B5-27C7-4576-B6AD-7B6248C7454F}.Release|x86.ActiveCfg = Release|Win32
		{648749B5-27C7-4576-B6AD-7B6248C7454F}.Release|x86.Build.0 = Release|Win32
		{F49CE0E3-8A39-4D67-A808-CF13125F39E2}.Debug|x64.ActiveCfg = Debug|x64
		{F49CE0E3-8A39-4D67-A808-CF13125F39E2}.Debug|x64.Build.0 = Debug|x64
		{F49CE0E3-8A39-4D67-A808-CF13125F39E2}.Debug|x86.ActiveCfg = Debug|Win32
		{F49CE0E3-8A39-4D67-A808-CF13125F39E2}.Debug|x86.Build.0 = Debug|Win32
		{F49CE0E3-8A39-4D67-A808-CF13125F39E2}.Release|x64.ActiveCfg = Release|x64
		{F49CE0E3-8A39-4D67-A808-CF13125F39E2}.Release|x64.Build.0 = Release|x64
		{F49CE0E3-8A39-4D67-A808-CF13125F39E2}.Release|x86.ActiveCfg = Release|Win32
		{F49CE0E3-8A39-4D67-A808-CF13125F39E2}.Release|x86.Build.0 = Release|Win32
		{66121FBD-A5E2-466E-B466-B15E75A460C5}.Debug|x64.ActiveCfg = Debug|x64
		{66121FBD-A5E2-466E-B466-B15E75A460C5}.Debug|x64.Build.0 = Debug|x64
		{66121FBD-A5E2-466E-B466-B15E75A460C5}.Debug|x86.ActiveCfg = Debug|Win32
		{66121FBD-A5E2-466E-B466-B15E75A460C5}.Debug|x86.Build.0 = Debug|Win32
		{66121FBD-A5E2-466E-B466-B15E75A460C5}.Release|x64.ActiveCfg = Release|x64
		{66121FBD-A5E2-466E-B466-B15E75A460C5}.Release|x64.Build.0 = Release|x64
		{66121FBD-A5E2-466E-B466-B15E75A460C5}.Release|x86.ActiveCfg = Release|Win32
		{66121FBD-A5E2-466E-B466-B15E75A460C5}.Release|x86.Build.0 = Release|Win32
		{9D874FCB-36B3-4ABD-B90C-CE30B7C882C8}.Debug|x64.ActiveCfg = Debug|x64
		{9D874FCB-36B3-4ABD-B90C-CE30B7C882C8}.Debug|x64.Build.0 = Debug|x64
		{9D874FCB-36B3-4ABD-B90C-CE30B7C882C8}.Debug|x86.ActiveCfg = Debug|Win32
		{9D874FCB-36B3-4ABD-B90C-CE30B7C882C8}.Debug|x86.Build.0 = Debug|Win32
		{9D874FCB-36B3-4ABD-B90C-CE30B7C882C8}.Release|x64.ActiveCfg = Release|x64
		{9D874FCB-36B3-4ABD-B90C-CE30B7C882C8}.Release|x64.Build.0 = Release|x64
		{9D874FCB-36B3-4ABD-B90C-CE30B7C882C8}.Release|x86.ActiveCfg = Release|Win32
		{9D874FCB-36B3-4ABD-B90C-CE30B7C882C8}.Release|x86.Build.0 = Release|Win32
		{3DF8FDEE-865D-4337-8026-5D7AB76321C2}.Debug|x64.ActiveCfg = Debug|x64
		{3DF8FDEE-865D-4337-8026-5D7AB76321C2}.Debug|x64.Build.0 = Debug|x64
		{3DF8FDEE-865D-4337-8026-5D7AB76321C2}.Debug|x86.ActiveCfg = Debug|Win32
		{3DF8FDEE-865D-4337-8026-5D7AB76321C2}.Debug|x86.Build.0 = Debug|Win32
		{3DF8FDEE-865D-4337-8026-5D7AB76321C2}.Release|x64.ActiveCfg = Release|x64
		{3DF8FDEE-865D-4337-8026-5D7AB76321C2}.Release|x64.Build.0 = Release|x64
		{3DF8FDEE-865D-4337-8026-5D7AB76321C2}.Release|x86.ActiveCfg = Release|Win32
		{3DF8FDEE-865D-4337-8026-5D7AB76321C2}.Release|x86.Build.0 = Release|Win32
		{8D1F32C7-6FDE-4C11-B3F0-09B25E5A8920}.Debug|x64.ActiveCfg = Debug|x64
		{8D1F32C7-6FDE-4C11-B3F0-09B25E5A8920}.Debug|x64.Build.0 = Debug|x64
		{8D1F32C7-6FDE-4C11-B3F0-09B25E5A8920}.Debug|x86.ActiveCfg = Debug|Win32
		{8D1F32C7-6FDE-4C11-B3F0-09B25E5A8920}.Debug|x86.Build.0 = Debug|Win32
		{8D1F32C7-6FDE-4C11-B3F0-09B25E5A8920}.Release|x64.ActiveCfg = Release|x64
		{8D1F32C7-6FDE-4C11-B3F0-09B25E5A8920}.Release|x64.Build.0 = Release|x64
		{8D1F32C7-6FDE-4C11-B3F0-09B25E5A8920}.Release|x86.ActiveCfg = Release|Win32
		{8D1F32C7-6FDE-4C11-B3F0-09B25E5A8920}.Release|x86.Build.0 = Release|Win32
		{34BAAFCA-73FF-4F67-A421-B511893E1174}.Debug|x64.ActiveCfg = Debug|x64
		{34BAAFCA-73FF-4F67-A421-B511893E1174}.Debug|x64.Build.0 = Debug|x64
		{34BAAFCA-73FF-4F67-A421-B511893E1174}.Debug|x86.ActiveCfg = Debug|Win32
		{34BAAFCA-73FF-4F67-A421-B511893E1174}.Debug|x86.Build.0 = Debug|Win32
		{34BAAFCA-73FF-4F67-A421-B511893E1174}.Release|x64.ActiveCfg = Release|x64
		{34BAAFCA-73FF-4F67-A421-B511893E1174}.Release|x64.Build.0 = Release|x64
		{34BAAFCA-73FF-4F67-A421-B511893E1174}.Release|x86.ActiveCfg = Release|Win32
		{34BAAFCA-73FF-4F67-A421-B511893E1174}.Release|x86.Build.0 = Release|Win32
		{C2839356-8BD2-4758-B2BC-F176ADE1CA9E}.Debug|x64.ActiveCfg = Debug|x64
		{C2839356-8BD2-4758-B2BC-F176ADE1CA9E}.Debug|x64.Build.0 = Debug|x64
		{C2839356-8BD2-4758-B2BC-F176ADE1CA9E}.Debug|x86.ActiveCfg = Debug|Win32
		{C2839356-8BD2-4758-B2BC-F176ADE1CA9E}.Debug|x86.Build.0 = Debug|Win32
		{C2839356-8BD2-4758-B2BC-F176ADE1CA9E}.Release|x64.ActiveCfg = Release|x64
		{C2839356-8BD2-4758-B2BC-F176ADE1CA9E}.Release|x64.Build.0 = Release|x64
		{C2839356-8BD2-4758-B2BC-F176ADE1CA9E}.Release|x86.ActiveCfg = Release|Win32
		{C2839356-8BD2-4758-B2BC-F176ADE1CA9E}.Release|x86.Build.0 = Release|Win32
		{3834BC7E-16C3-4FD5-95D3-83C175C480CB}.Debug|x64.ActiveCfg = Debug|x64
		{3834BC7E-16C3-4FD5-95D3-83C175C480CB}.Debug|x64.Build.0 = Debug|x64
		{3834BC7E-16C3-4FD5-95D3-83C175C480CB}.Debug|x86.ActiveCfg = Debug|Win32
		{3834BC7E-16C3-4FD5-95D3-83C175C480CB}.Debug|x86.Build.0 = Debug|Win32
		{3834BC7E-16C3-4FD5-95D3-83C175C480CB}.Release|x64.ActiveCfg = Release|x64
		{3834BC7E-16C3-4FD5-95D3-83C175C480CB}.Release|x64.Build.0 = Release|x64
		{3834BC7E-16C3-4FD5-95D3-83C175C480CB}.Release|x86.ActiveCfg = Release|Win32
		{3834BC7E-16C3-4FD5-95D3-83C175C480CB}.Release|x86.Build.0 = Release|Win32
		{942150F1-A5AE-4611-A080-105AB47714D2}.Debug|x64.ActiveCfg = Debug|x64
		{942150F1-A5AE-4611-A080-105AB47714D2}.Debug|x64.Build.0 = Debug|x64
		{942150F1-A5AE-4611-A080-105AB47714D2}.Debug|x86.ActiveCfg = Debug|Win32
		{942150F1-A5AE-4611-A080-105AB47714D2}.Debug|x86.Build.0 = Debug|Win32
		{942150F1-A5AE-4611-A080-105AB47714D2}.Release|x64.ActiveCfg = Release|x64
		{942150F1-A5AE-4611-A080-105AB47714D2}.Release|x64.Build.0 = Release|x64
		{942150F1-A5AE-4611-A080-105AB47714D2}.Release|x86.ActiveCfg = Release|Win32
		{942150F1-A5AE-4611-A080-105AB47714D2}.Release|x86.Build.0 = Release|Win32
		{B246D0DC-9C91-43F7-BFE4-BD7AC66099D5}.Debug|x64.ActiveCfg = Debug|x64
		{B246D0DC-9C91-43F7-BFE4-BD7AC66099D5}.Debug|x64.Build.0 = Debug|x64
		{B246D0DC-9C91-43F7-BFE4-BD7AC66099D5}.Debug|x86.ActiveCfg = Debug|Win32
		{B246D0DC-9C91-43F7-BFE4-BD7AC66099D5}.Debug|x86.Build.0 = Debug|Win32
		{B246D0DC-9C91-43F7-BFE4-BD7AC66099D5}.Release|x64.ActiveCfg = Release|x64
		{B246D0DC-9C91-43F7-BFE4-BD7AC66099D5}.Release|x64.Build.0 = Release|x64
		{B246D0DC-9C91-43F7-BFE4-BD7AC66099D5}.Release|x86.ActiveCfg = Release|Win32
		{B246D0DC-9C91-43F7-BFE4-BD7AC66099D5}.Release|x86.Build.0 = Release|Win32
		{5ECD72A4-99B8-43BB-A6D2-7AC6BA909529}.Debug|x64.ActiveCfg = Debug|x64
		{5ECD72A4-99B8-43BB-A6D2-7AC6BA909529}.Debug|x64.Build.0 = Debug|x64
		{5ECD72A4-99B8-43BB-A6D2-7AC6BA909529}.Debug|x86.ActiveCfg = Debug|Win32
		{5ECD72A4-99B8-43BB-A6D2-7AC6BA909529}.Debug|x86.Build.0 = Debug|Win32
		{5ECD72A4-99B8-43BB-A6D2-7AC6BA909529}.Release|x64.ActiveCfg = Release|x64
		{5ECD72A4-99B8-43BB-A6D2-7AC6BA909529}.Release|x64.Build.0 = Release|x64
		{5ECD72A4-99B8-43BB-A6D2-7AC6BA909529}.Release|x86.ActiveCfg = Release|Win32
		{5ECD72A4-99B8-43BB-A6D2-7AC6BA909529}.Release|x86.Build.0 = Release|Win32
		{93FD95DB-A45F-4949-AA5F-40317F9A4B90}.Debug|x64.ActiveCfg = Debug|x64
		{93FD95DB-A45F-4949-AA5F-40317F9A4B90}.Debug|x64.Build.0 = Debug|x64
		{93FD95DB-A45F-4949-AA5F-40317F9A4B90}.Debug|x86.ActiveCfg = Debug|Win32
		{93FD95DB-A45F-4949-AA5F-40317F9A4B90}.Debug|x86.Build.0 = Debug|Win32
		{93FD95DB-A45F-4949-AA5F-40317F9A4B90}.Release|x64.ActiveCfg = Release|x64
		{93FD95DB-A45F-4949-AA5F-40317F9A4B90}.Release|x64.Build.0 = Release|x64
		{93FD95DB-A45F-4949-AA5F-40317F9A4B90}.Release|x86.ActiveCfg = Release|Win32
		{93FD95DB-A45F-4949-AA5F-40317F9A4B90}.Release|x86.Build.0 = Release|Win32
	EndGlobalSection
	GlobalSection(SolutionProperties) = preSolution
		HideSolutionNode = FALSE
	EndGlobalSection
	GlobalSection(NestedProjects) = preSolution
		{3DF8FDEE-865D-4337-8026-5D7AB76321C2} = {8BC59C4E-655D-4462-AF88-F74E25A08BAD}
		{942150F1-A5AE-4611-A080-105AB47714D2} = {8BC59C4E-655D-4462-AF88-F74E25A08BAD}
		{B246D0DC-9C91-43F7-BFE4-BD7AC66099D5} = {8BC59C4E-655D-4462-AF88-F74E25A08BAD}
		{5ECD72A4-99B8-43BB-A6D2-7AC6BA909529} = {8BC59C4E-655D-4462-AF88-F74E25A08BAD}
		{93FD95DB-A45F-4949-AA5F-40317F9A4B90} = {8BC59C4E-655D-4462-AF88-F74E25A08BAD}
	EndGlobalSection
	GlobalSection(ExtensibilityGlobals) = postSolution
		SolutionGuid = {FED3D62B-6C52-4896-8D3B-53D9C96C1C8F}
	EndGlobalSection
EndGlobal
